// !$*UTF8*$!
{
	archiveVersion = 1;
	classes = {
	};
	objectVersion = 56;
	objects = {

/* Begin PBXBuildFile section */
		4B38B0D82C3E4105002EB825 /* AlbertosApp.swift in Sources */ = {isa = PBXBuildFile; fileRef = 4B38B0D72C3E4105002EB825 /* AlbertosApp.swift */; };
		4B38B0DA2C3E4105002EB825 /* MenuList.swift in Sources */ = {isa = PBXBuildFile; fileRef = 4B38B0D92C3E4105002EB825 /* MenuList.swift */; };
		4B38B0DC2C3E4106002EB825 /* Assets.xcassets in Resources */ = {isa = PBXBuildFile; fileRef = 4B38B0DB2C3E4106002EB825 /* Assets.xcassets */; };
		4B38B0DF2C3E4106002EB825 /* Preview Assets.xcassets in Resources */ = {isa = PBXBuildFile; fileRef = 4B38B0DE2C3E4106002EB825 /* Preview Assets.xcassets */; };
		4B38B0E92C3E4106002EB825 /* MenuGroupingTests.swift in Sources */ = {isa = PBXBuildFile; fileRef = 4B38B0E82C3E4106002EB825 /* MenuGroupingTests.swift */; };
		4B38B0F32C3E4107002EB825 /* AlbertosUITests.swift in Sources */ = {isa = PBXBuildFile; fileRef = 4B38B0F22C3E4107002EB825 /* AlbertosUITests.swift */; };
		4B38B0F52C3E4107002EB825 /* AlbertosUITestsLaunchTests.swift in Sources */ = {isa = PBXBuildFile; fileRef = 4B38B0F42C3E4107002EB825 /* AlbertosUITestsLaunchTests.swift */; };
		4B38B1022C3E42F9002EB825 /* MenuItem.swift in Sources */ = {isa = PBXBuildFile; fileRef = 4B38B1012C3E42F9002EB825 /* MenuItem.swift */; };
		4B38B1042C3E430B002EB825 /* MenuSection.swift in Sources */ = {isa = PBXBuildFile; fileRef = 4B38B1032C3E430B002EB825 /* MenuSection.swift */; };
		4B38B10B2C3F60FB002EB825 /* Array+Safe.swift in Sources */ = {isa = PBXBuildFile; fileRef = 4B38B10A2C3F60FB002EB825 /* Array+Safe.swift */; };
		4B38B10D2C3F611E002EB825 /* MenuItem+Fixture.swift in Sources */ = {isa = PBXBuildFile; fileRef = 4B38B10C2C3F611E002EB825 /* MenuItem+Fixture.swift */; };
		4B38B10F2C3F6988002EB825 /* MenuSection+Fixture.swift in Sources */ = {isa = PBXBuildFile; fileRef = 4B38B10E2C3F6988002EB825 /* MenuSection+Fixture.swift */; };
		4B38B1112C3F6F98002EB825 /* MenuRowViewModelTests.swift in Sources */ = {isa = PBXBuildFile; fileRef = 4B38B1102C3F6F98002EB825 /* MenuRowViewModelTests.swift */; };
		4B38B1132C3F7026002EB825 /* MenuRow.swift in Sources */ = {isa = PBXBuildFile; fileRef = 4B38B1122C3F7026002EB825 /* MenuRow.swift */; };
		4B38B1152C3F7045002EB825 /* MenuRow.ViewModel.swift in Sources */ = {isa = PBXBuildFile; fileRef = 4B38B1142C3F7045002EB825 /* MenuRow.ViewModel.swift */; };
		4B38B1172C3F79A1002EB825 /* MenuListViewModelTests.swift in Sources */ = {isa = PBXBuildFile; fileRef = 4B38B1162C3F79A1002EB825 /* MenuListViewModelTests.swift */; };
		4B38B11B2C3F79EF002EB825 /* MenuList.ViewModel.swift in Sources */ = {isa = PBXBuildFile; fileRef = 4B38B11A2C3F79EF002EB825 /* MenuList.ViewModel.swift */; };
		4B38B11F2C3F9771002EB825 /* MenuFetching.swift in Sources */ = {isa = PBXBuildFile; fileRef = 4B38B11E2C3F9771002EB825 /* MenuFetching.swift */; };
		4B38B1212C3FB29A002EB825 /* MenuFetchingStub.swift in Sources */ = {isa = PBXBuildFile; fileRef = 4B38B1202C3FB29A002EB825 /* MenuFetchingStub.swift */; };
		4B38B1232C40AEF2002EB825 /* MenuItemTests.swift in Sources */ = {isa = PBXBuildFile; fileRef = 4B38B1222C40AEF2002EB825 /* MenuItemTests.swift */; };
		4B38B1252C40B0A1002EB825 /* menu_item.json in Resources */ = {isa = PBXBuildFile; fileRef = 4B38B1242C40B0A1002EB825 /* menu_item.json */; };
		4B38B1272C40B3F7002EB825 /* XCTestCase+JSONE.swift in Sources */ = {isa = PBXBuildFile; fileRef = 4B38B1262C40B3F7002EB825 /* XCTestCase+JSONE.swift */; };
		4B38B1292C40BD29002EB825 /* MenuFetcher.swift in Sources */ = {isa = PBXBuildFile; fileRef = 4B38B1282C40BD29002EB825 /* MenuFetcher.swift */; };
		4B38B12B2C40BD6D002EB825 /* MenuFetcherTests.swift in Sources */ = {isa = PBXBuildFile; fileRef = 4B38B12A2C40BD6D002EB825 /* MenuFetcherTests.swift */; };
		4B38B12D2C40C24D002EB825 /* URLSession+NetworkFetching.swift in Sources */ = {isa = PBXBuildFile; fileRef = 4B38B12C2C40C24D002EB825 /* URLSession+NetworkFetching.swift */; };
		4B38B12F2C40C270002EB825 /* NetworFetching.swift in Sources */ = {isa = PBXBuildFile; fileRef = 4B38B12E2C40C270002EB825 /* NetworFetching.swift */; };
		4B38B1332C40C74B002EB825 /* NetworkFetchingStub.swift in Sources */ = {isa = PBXBuildFile; fileRef = 4B38B1322C40C74B002EB825 /* NetworkFetchingStub.swift */; };
		4B38B1352C40CB46002EB825 /* OrderController.swift in Sources */ = {isa = PBXBuildFile; fileRef = 4B38B1342C40CB46002EB825 /* OrderController.swift */; };
		4B38B1372C40CB62002EB825 /* Order.swift in Sources */ = {isa = PBXBuildFile; fileRef = 4B38B1362C40CB62002EB825 /* Order.swift */; };
		4B38B1392C40E64C002EB825 /* MenuItemDetailViewModelTests.swift in Sources */ = {isa = PBXBuildFile; fileRef = 4B38B1382C40E64C002EB825 /* MenuItemDetailViewModelTests.swift */; };
		4B38B13B2C40E68C002EB825 /* MenuItemDetailViewModel.swift in Sources */ = {isa = PBXBuildFile; fileRef = 4B38B13A2C40E68C002EB825 /* MenuItemDetailViewModel.swift */; };
		4B38B13D2C40E6BE002EB825 /* MenuItemDetail.swift in Sources */ = {isa = PBXBuildFile; fileRef = 4B38B13C2C40E6BE002EB825 /* MenuItemDetail.swift */; };
/* End PBXBuildFile section */

/* Begin PBXContainerItemProxy section */
		4B38B0E52C3E4106002EB825 /* PBXContainerItemProxy */ = {
			isa = PBXContainerItemProxy;
			containerPortal = 4B38B0CC2C3E4105002EB825 /* Project object */;
			proxyType = 1;
			remoteGlobalIDString = 4B38B0D32C3E4105002EB825;
			remoteInfo = Albertos;
		};
		4B38B0EF2C3E4107002EB825 /* PBXContainerItemProxy */ = {
			isa = PBXContainerItemProxy;
			containerPortal = 4B38B0CC2C3E4105002EB825 /* Project object */;
			proxyType = 1;
			remoteGlobalIDString = 4B38B0D32C3E4105002EB825;
			remoteInfo = Albertos;
		};
/* End PBXContainerItemProxy section */

/* Begin PBXFileReference section */
		4B38B0D42C3E4105002EB825 /* Albertos.app */ = {isa = PBXFileReference; explicitFileType = wrapper.application; includeInIndex = 0; path = Albertos.app; sourceTree = BUILT_PRODUCTS_DIR; };
		4B38B0D72C3E4105002EB825 /* AlbertosApp.swift */ = {isa = PBXFileReference; lastKnownFileType = sourcecode.swift; path = AlbertosApp.swift; sourceTree = "<group>"; };
		4B38B0D92C3E4105002EB825 /* MenuList.swift */ = {isa = PBXFileReference; lastKnownFileType = sourcecode.swift; path = MenuList.swift; sourceTree = "<group>"; };
		4B38B0DB2C3E4106002EB825 /* Assets.xcassets */ = {isa = PBXFileReference; lastKnownFileType = folder.assetcatalog; path = Assets.xcassets; sourceTree = "<group>"; };
		4B38B0DE2C3E4106002EB825 /* Preview Assets.xcassets */ = {isa = PBXFileReference; lastKnownFileType = folder.assetcatalog; path = "Preview Assets.xcassets"; sourceTree = "<group>"; };
		4B38B0E42C3E4106002EB825 /* AlbertosTests.xctest */ = {isa = PBXFileReference; explicitFileType = wrapper.cfbundle; includeInIndex = 0; path = AlbertosTests.xctest; sourceTree = BUILT_PRODUCTS_DIR; };
		4B38B0E82C3E4106002EB825 /* MenuGroupingTests.swift */ = {isa = PBXFileReference; lastKnownFileType = sourcecode.swift; path = MenuGroupingTests.swift; sourceTree = "<group>"; };
		4B38B0EE2C3E4107002EB825 /* AlbertosUITests.xctest */ = {isa = PBXFileReference; explicitFileType = wrapper.cfbundle; includeInIndex = 0; path = AlbertosUITests.xctest; sourceTree = BUILT_PRODUCTS_DIR; };
		4B38B0F22C3E4107002EB825 /* AlbertosUITests.swift */ = {isa = PBXFileReference; lastKnownFileType = sourcecode.swift; path = AlbertosUITests.swift; sourceTree = "<group>"; };
		4B38B0F42C3E4107002EB825 /* AlbertosUITestsLaunchTests.swift */ = {isa = PBXFileReference; lastKnownFileType = sourcecode.swift; path = AlbertosUITestsLaunchTests.swift; sourceTree = "<group>"; };
		4B38B1012C3E42F9002EB825 /* MenuItem.swift */ = {isa = PBXFileReference; lastKnownFileType = sourcecode.swift; path = MenuItem.swift; sourceTree = "<group>"; };
		4B38B1032C3E430B002EB825 /* MenuSection.swift */ = {isa = PBXFileReference; lastKnownFileType = sourcecode.swift; path = MenuSection.swift; sourceTree = "<group>"; };
		4B38B10A2C3F60FB002EB825 /* Array+Safe.swift */ = {isa = PBXFileReference; lastKnownFileType = sourcecode.swift; path = "Array+Safe.swift"; sourceTree = "<group>"; };
		4B38B10C2C3F611E002EB825 /* MenuItem+Fixture.swift */ = {isa = PBXFileReference; lastKnownFileType = sourcecode.swift; path = "MenuItem+Fixture.swift"; sourceTree = "<group>"; };
		4B38B10E2C3F6988002EB825 /* MenuSection+Fixture.swift */ = {isa = PBXFileReference; lastKnownFileType = sourcecode.swift; path = "MenuSection+Fixture.swift"; sourceTree = "<group>"; };
		4B38B1102C3F6F98002EB825 /* MenuRowViewModelTests.swift */ = {isa = PBXFileReference; lastKnownFileType = sourcecode.swift; path = MenuRowViewModelTests.swift; sourceTree = "<group>"; };
		4B38B1122C3F7026002EB825 /* MenuRow.swift */ = {isa = PBXFileReference; lastKnownFileType = sourcecode.swift; path = MenuRow.swift; sourceTree = "<group>"; };
		4B38B1142C3F7045002EB825 /* MenuRow.ViewModel.swift */ = {isa = PBXFileReference; lastKnownFileType = sourcecode.swift; path = MenuRow.ViewModel.swift; sourceTree = "<group>"; };
		4B38B1162C3F79A1002EB825 /* MenuListViewModelTests.swift */ = {isa = PBXFileReference; lastKnownFileType = sourcecode.swift; path = MenuListViewModelTests.swift; sourceTree = "<group>"; };
		4B38B11A2C3F79EF002EB825 /* MenuList.ViewModel.swift */ = {isa = PBXFileReference; lastKnownFileType = sourcecode.swift; path = MenuList.ViewModel.swift; sourceTree = "<group>"; };
		4B38B11E2C3F9771002EB825 /* MenuFetching.swift */ = {isa = PBXFileReference; lastKnownFileType = sourcecode.swift; path = MenuFetching.swift; sourceTree = "<group>"; };
		4B38B1202C3FB29A002EB825 /* MenuFetchingStub.swift */ = {isa = PBXFileReference; lastKnownFileType = sourcecode.swift; path = MenuFetchingStub.swift; sourceTree = "<group>"; };
		4B38B1222C40AEF2002EB825 /* MenuItemTests.swift */ = {isa = PBXFileReference; lastKnownFileType = sourcecode.swift; path = MenuItemTests.swift; sourceTree = "<group>"; };
		4B38B1242C40B0A1002EB825 /* menu_item.json */ = {isa = PBXFileReference; lastKnownFileType = text.json; path = menu_item.json; sourceTree = "<group>"; };
		4B38B1262C40B3F7002EB825 /* XCTestCase+JSONE.swift */ = {isa = PBXFileReference; lastKnownFileType = sourcecode.swift; path = "XCTestCase+JSONE.swift"; sourceTree = "<group>"; };
		4B38B1282C40BD29002EB825 /* MenuFetcher.swift */ = {isa = PBXFileReference; lastKnownFileType = sourcecode.swift; path = MenuFetcher.swift; sourceTree = "<group>"; };
		4B38B12A2C40BD6D002EB825 /* MenuFetcherTests.swift */ = {isa = PBXFileReference; lastKnownFileType = sourcecode.swift; path = MenuFetcherTests.swift; sourceTree = "<group>"; };
		4B38B12C2C40C24D002EB825 /* URLSession+NetworkFetching.swift */ = {isa = PBXFileReference; lastKnownFileType = sourcecode.swift; path = "URLSession+NetworkFetching.swift"; sourceTree = "<group>"; };
		4B38B12E2C40C270002EB825 /* NetworFetching.swift */ = {isa = PBXFileReference; lastKnownFileType = sourcecode.swift; path = NetworFetching.swift; sourceTree = "<group>"; };
		4B38B1322C40C74B002EB825 /* NetworkFetchingStub.swift */ = {isa = PBXFileReference; lastKnownFileType = sourcecode.swift; path = NetworkFetchingStub.swift; sourceTree = "<group>"; };
		4B38B1342C40CB46002EB825 /* OrderController.swift */ = {isa = PBXFileReference; lastKnownFileType = sourcecode.swift; path = OrderController.swift; sourceTree = "<group>"; };
		4B38B1362C40CB62002EB825 /* Order.swift */ = {isa = PBXFileReference; lastKnownFileType = sourcecode.swift; path = Order.swift; sourceTree = "<group>"; };
		4B38B1382C40E64C002EB825 /* MenuItemDetailViewModelTests.swift */ = {isa = PBXFileReference; lastKnownFileType = sourcecode.swift; path = MenuItemDetailViewModelTests.swift; sourceTree = "<group>"; };
		4B38B13A2C40E68C002EB825 /* MenuItemDetailViewModel.swift */ = {isa = PBXFileReference; lastKnownFileType = sourcecode.swift; path = MenuItemDetailViewModel.swift; sourceTree = "<group>"; };
		4B38B13C2C40E6BE002EB825 /* MenuItemDetail.swift */ = {isa = PBXFileReference; lastKnownFileType = sourcecode.swift; path = MenuItemDetail.swift; sourceTree = "<group>"; };
/* End PBXFileReference section */

/* Begin PBXFrameworksBuildPhase section */
		4B38B0D12C3E4105002EB825 /* Frameworks */ = {
			isa = PBXFrameworksBuildPhase;
			buildActionMask = 2147483647;
			files = (
			);
			runOnlyForDeploymentPostprocessing = 0;
		};
		4B38B0E12C3E4106002EB825 /* Frameworks */ = {
			isa = PBXFrameworksBuildPhase;
			buildActionMask = 2147483647;
			files = (
			);
			runOnlyForDeploymentPostprocessing = 0;
		};
		4B38B0EB2C3E4107002EB825 /* Frameworks */ = {
			isa = PBXFrameworksBuildPhase;
			buildActionMask = 2147483647;
			files = (
			);
			runOnlyForDeploymentPostprocessing = 0;
		};
/* End PBXFrameworksBuildPhase section */

/* Begin PBXGroup section */
		4B38B0CB2C3E4105002EB825 = {
			isa = PBXGroup;
			children = (
				4B38B0D62C3E4105002EB825 /* Albertos */,
				4B38B0E72C3E4106002EB825 /* AlbertosTests */,
				4B38B0F12C3E4107002EB825 /* AlbertosUITests */,
				4B38B0D52C3E4105002EB825 /* Products */,
			);
			sourceTree = "<group>";
		};
		4B38B0D52C3E4105002EB825 /* Products */ = {
			isa = PBXGroup;
			children = (
				4B38B0D42C3E4105002EB825 /* Albertos.app */,
				4B38B0E42C3E4106002EB825 /* AlbertosTests.xctest */,
				4B38B0EE2C3E4107002EB825 /* AlbertosUITests.xctest */,
			);
			name = Products;
			sourceTree = "<group>";
		};
		4B38B0D62C3E4105002EB825 /* Albertos */ = {
			isa = PBXGroup;
			children = (
				4B38B0D72C3E4105002EB825 /* AlbertosApp.swift */,
				4B38B11E2C3F9771002EB825 /* MenuFetching.swift */,
				4B38B11A2C3F79EF002EB825 /* MenuList.ViewModel.swift */,
				4B38B0D92C3E4105002EB825 /* MenuList.swift */,
				4B38B1122C3F7026002EB825 /* MenuRow.swift */,
				4B38B1142C3F7045002EB825 /* MenuRow.ViewModel.swift */,
				4B38B0DB2C3E4106002EB825 /* Assets.xcassets */,
				4B38B0DD2C3E4106002EB825 /* Preview Content */,
				4B38B1012C3E42F9002EB825 /* MenuItem.swift */,
				4B38B1032C3E430B002EB825 /* MenuSection.swift */,
				4B38B1282C40BD29002EB825 /* MenuFetcher.swift */,
				4B38B12C2C40C24D002EB825 /* URLSession+NetworkFetching.swift */,
				4B38B12E2C40C270002EB825 /* NetworFetching.swift */,
				4B38B1342C40CB46002EB825 /* OrderController.swift */,
				4B38B1362C40CB62002EB825 /* Order.swift */,
				4B38B13A2C40E68C002EB825 /* MenuItemDetailViewModel.swift */,
				4B38B13C2C40E6BE002EB825 /* MenuItemDetail.swift */,
			);
			path = Albertos;
			sourceTree = "<group>";
		};
		4B38B0DD2C3E4106002EB825 /* Preview Content */ = {
			isa = PBXGroup;
			children = (
				4B38B0DE2C3E4106002EB825 /* Preview Assets.xcassets */,
			);
			path = "Preview Content";
			sourceTree = "<group>";
		};
		4B38B0E72C3E4106002EB825 /* AlbertosTests */ = {
			isa = PBXGroup;
			children = (
				4B38B0E82C3E4106002EB825 /* MenuGroupingTests.swift */,
				4B38B10A2C3F60FB002EB825 /* Array+Safe.swift */,
				4B38B10C2C3F611E002EB825 /* MenuItem+Fixture.swift */,
				4B38B10E2C3F6988002EB825 /* MenuSection+Fixture.swift */,
				4B38B1102C3F6F98002EB825 /* MenuRowViewModelTests.swift */,
				4B38B1162C3F79A1002EB825 /* MenuListViewModelTests.swift */,
				4B38B1202C3FB29A002EB825 /* MenuFetchingStub.swift */,
				4B38B1222C40AEF2002EB825 /* MenuItemTests.swift */,
				4B38B1262C40B3F7002EB825 /* XCTestCase+JSONE.swift */,
				4B38B1242C40B0A1002EB825 /* menu_item.json */,
				4B38B12A2C40BD6D002EB825 /* MenuFetcherTests.swift */,
				4B38B1322C40C74B002EB825 /* NetworkFetchingStub.swift */,
				4B38B1382C40E64C002EB825 /* MenuItemDetailViewModelTests.swift */,
			);
			path = AlbertosTests;
			sourceTree = "<group>";
		};
		4B38B0F12C3E4107002EB825 /* AlbertosUITests */ = {
			isa = PBXGroup;
			children = (
				4B38B0F22C3E4107002EB825 /* AlbertosUITests.swift */,
				4B38B0F42C3E4107002EB825 /* AlbertosUITestsLaunchTests.swift */,
			);
			path = AlbertosUITests;
			sourceTree = "<group>";
		};
/* End PBXGroup section */

/* Begin PBXNativeTarget section */
		4B38B0D32C3E4105002EB825 /* Albertos */ = {
			isa = PBXNativeTarget;
			buildConfigurationList = 4B38B0F82C3E4107002EB825 /* Build configuration list for PBXNativeTarget "Albertos" */;
			buildPhases = (
				4B38B0D02C3E4105002EB825 /* Sources */,
				4B38B0D12C3E4105002EB825 /* Frameworks */,
				4B38B0D22C3E4105002EB825 /* Resources */,
			);
			buildRules = (
			);
			dependencies = (
			);
			name = Albertos;
			productName = Albertos;
			productReference = 4B38B0D42C3E4105002EB825 /* Albertos.app */;
			productType = "com.apple.product-type.application";
		};
		4B38B0E32C3E4106002EB825 /* AlbertosTests */ = {
			isa = PBXNativeTarget;
			buildConfigurationList = 4B38B0FB2C3E4107002EB825 /* Build configuration list for PBXNativeTarget "AlbertosTests" */;
			buildPhases = (
				4B38B0E02C3E4106002EB825 /* Sources */,
				4B38B0E12C3E4106002EB825 /* Frameworks */,
				4B38B0E22C3E4106002EB825 /* Resources */,
			);
			buildRules = (
			);
			dependencies = (
				4B38B0E62C3E4106002EB825 /* PBXTargetDependency */,
			);
			name = AlbertosTests;
			productName = AlbertosTests;
			productReference = 4B38B0E42C3E4106002EB825 /* AlbertosTests.xctest */;
			productType = "com.apple.product-type.bundle.unit-test";
		};
		4B38B0ED2C3E4107002EB825 /* AlbertosUITests */ = {
			isa = PBXNativeTarget;
			buildConfigurationList = 4B38B0FE2C3E4107002EB825 /* Build configuration list for PBXNativeTarget "AlbertosUITests" */;
			buildPhases = (
				4B38B0EA2C3E4107002EB825 /* Sources */,
				4B38B0EB2C3E4107002EB825 /* Frameworks */,
				4B38B0EC2C3E4107002EB825 /* Resources */,
			);
			buildRules = (
			);
			dependencies = (
				4B38B0F02C3E4107002EB825 /* PBXTargetDependency */,
			);
			name = AlbertosUITests;
			productName = AlbertosUITests;
			productReference = 4B38B0EE2C3E4107002EB825 /* AlbertosUITests.xctest */;
			productType = "com.apple.product-type.bundle.ui-testing";
		};
/* End PBXNativeTarget section */

/* Begin PBXProject section */
		4B38B0CC2C3E4105002EB825 /* Project object */ = {
			isa = PBXProject;
			attributes = {
				BuildIndependentTargetsInParallel = 1;
				LastSwiftUpdateCheck = 1540;
				LastUpgradeCheck = 1540;
				TargetAttributes = {
					4B38B0D32C3E4105002EB825 = {
						CreatedOnToolsVersion = 15.4;
					};
					4B38B0E32C3E4106002EB825 = {
						CreatedOnToolsVersion = 15.4;
						TestTargetID = 4B38B0D32C3E4105002EB825;
					};
					4B38B0ED2C3E4107002EB825 = {
						CreatedOnToolsVersion = 15.4;
						TestTargetID = 4B38B0D32C3E4105002EB825;
					};
				};
			};
			buildConfigurationList = 4B38B0CF2C3E4105002EB825 /* Build configuration list for PBXProject "Albertos" */;
			compatibilityVersion = "Xcode 14.0";
			developmentRegion = en;
			hasScannedForEncodings = 0;
			knownRegions = (
				en,
				Base,
			);
			mainGroup = 4B38B0CB2C3E4105002EB825;
			productRefGroup = 4B38B0D52C3E4105002EB825 /* Products */;
			projectDirPath = "";
			projectRoot = "";
			targets = (
				4B38B0D32C3E4105002EB825 /* Albertos */,
				4B38B0E32C3E4106002EB825 /* AlbertosTests */,
				4B38B0ED2C3E4107002EB825 /* AlbertosUITests */,
			);
		};
/* End PBXProject section */

/* Begin PBXResourcesBuildPhase section */
		4B38B0D22C3E4105002EB825 /* Resources */ = {
			isa = PBXResourcesBuildPhase;
			buildActionMask = 2147483647;
			files = (
				4B38B0DF2C3E4106002EB825 /* Preview Assets.xcassets in Resources */,
				4B38B0DC2C3E4106002EB825 /* Assets.xcassets in Resources */,
			);
			runOnlyForDeploymentPostprocessing = 0;
		};
		4B38B0E22C3E4106002EB825 /* Resources */ = {
			isa = PBXResourcesBuildPhase;
			buildActionMask = 2147483647;
			files = (
				4B38B1252C40B0A1002EB825 /* menu_item.json in Resources */,
			);
			runOnlyForDeploymentPostprocessing = 0;
		};
		4B38B0EC2C3E4107002EB825 /* Resources */ = {
			isa = PBXResourcesBuildPhase;
			buildActionMask = 2147483647;
			files = (
			);
			runOnlyForDeploymentPostprocessing = 0;
		};
/* End PBXResourcesBuildPhase section */

/* Begin PBXSourcesBuildPhase section */
		4B38B0D02C3E4105002EB825 /* Sources */ = {
			isa = PBXSourcesBuildPhase;
			buildActionMask = 2147483647;
			files = (
				4B38B13D2C40E6BE002EB825 /* MenuItemDetail.swift in Sources */,
				4B38B1352C40CB46002EB825 /* OrderController.swift in Sources */,
				4B38B1292C40BD29002EB825 /* MenuFetcher.swift in Sources */,
				4B38B11B2C3F79EF002EB825 /* MenuList.ViewModel.swift in Sources */,
				4B38B12F2C40C270002EB825 /* NetworFetching.swift in Sources */,
				4B38B1022C3E42F9002EB825 /* MenuItem.swift in Sources */,
				4B38B1372C40CB62002EB825 /* Order.swift in Sources */,
				4B38B0DA2C3E4105002EB825 /* MenuList.swift in Sources */,
				4B38B12D2C40C24D002EB825 /* URLSession+NetworkFetching.swift in Sources */,
				4B38B1042C3E430B002EB825 /* MenuSection.swift in Sources */,
				4B38B1152C3F7045002EB825 /* MenuRow.ViewModel.swift in Sources */,
				4B38B0D82C3E4105002EB825 /* AlbertosApp.swift in Sources */,
				4B38B1132C3F7026002EB825 /* MenuRow.swift in Sources */,
				4B38B11F2C3F9771002EB825 /* MenuFetching.swift in Sources */,
				4B38B13B2C40E68C002EB825 /* MenuItemDetailViewModel.swift in Sources */,
			);
			runOnlyForDeploymentPostprocessing = 0;
		};
		4B38B0E02C3E4106002EB825 /* Sources */ = {
			isa = PBXSourcesBuildPhase;
			buildActionMask = 2147483647;
			files = (
				4B38B1332C40C74B002EB825 /* NetworkFetchingStub.swift in Sources */,
				4B38B12B2C40BD6D002EB825 /* MenuFetcherTests.swift in Sources */,
				4B38B1272C40B3F7002EB825 /* XCTestCase+JSONE.swift in Sources */,
				4B38B1392C40E64C002EB825 /* MenuItemDetailViewModelTests.swift in Sources */,
				4B38B10F2C3F6988002EB825 /* MenuSection+Fixture.swift in Sources */,
				4B38B1172C3F79A1002EB825 /* MenuListViewModelTests.swift in Sources */,
				4B38B10B2C3F60FB002EB825 /* Array+Safe.swift in Sources */,
				4B38B10D2C3F611E002EB825 /* MenuItem+Fixture.swift in Sources */,
				4B38B1112C3F6F98002EB825 /* MenuRowViewModelTests.swift in Sources */,
				4B38B1232C40AEF2002EB825 /* MenuItemTests.swift in Sources */,
				4B38B0E92C3E4106002EB825 /* MenuGroupingTests.swift in Sources */,
				4B38B1212C3FB29A002EB825 /* MenuFetchingStub.swift in Sources */,
			);
			runOnlyForDeploymentPostprocessing = 0;
		};
		4B38B0EA2C3E4107002EB825 /* Sources */ = {
			isa = PBXSourcesBuildPhase;
			buildActionMask = 2147483647;
			files = (
				4B38B0F52C3E4107002EB825 /* AlbertosUITestsLaunchTests.swift in Sources */,
				4B38B0F32C3E4107002EB825 /* AlbertosUITests.swift in Sources */,
			);
			runOnlyForDeploymentPostprocessing = 0;
		};
/* End PBXSourcesBuildPhase section */

/* Begin PBXTargetDependency section */
		4B38B0E62C3E4106002EB825 /* PBXTargetDependency */ = {
			isa = PBXTargetDependency;
			target = 4B38B0D32C3E4105002EB825 /* Albertos */;
			targetProxy = 4B38B0E52C3E4106002EB825 /* PBXContainerItemProxy */;
		};
		4B38B0F02C3E4107002EB825 /* PBXTargetDependency */ = {
			isa = PBXTargetDependency;
			target = 4B38B0D32C3E4105002EB825 /* Albertos */;
			targetProxy = 4B38B0EF2C3E4107002EB825 /* PBXContainerItemProxy */;
		};
/* End PBXTargetDependency section */

/* Begin XCBuildConfiguration section */
		4B38B0F62C3E4107002EB825 /* Debug */ = {
			isa = XCBuildConfiguration;
			buildSettings = {
				ALWAYS_SEARCH_USER_PATHS = NO;
				ASSETCATALOG_COMPILER_GENERATE_SWIFT_ASSET_SYMBOL_EXTENSIONS = YES;
				CLANG_ANALYZER_NONNULL = YES;
				CLANG_ANALYZER_NUMBER_OBJECT_CONVERSION = YES_AGGRESSIVE;
				CLANG_CXX_LANGUAGE_STANDARD = "gnu++20";
				CLANG_ENABLE_MODULES = YES;
				CLANG_ENABLE_OBJC_ARC = YES;
				CLANG_ENABLE_OBJC_WEAK = YES;
				CLANG_WARN_BLOCK_CAPTURE_AUTORELEASING = YES;
				CLANG_WARN_BOOL_CONVERSION = YES;
				CLANG_WARN_COMMA = YES;
				CLANG_WARN_CONSTANT_CONVERSION = YES;
				CLANG_WARN_DEPRECATED_OBJC_IMPLEMENTATIONS = YES;
				CLANG_WARN_DIRECT_OBJC_ISA_USAGE = YES_ERROR;
				CLANG_WARN_DOCUMENTATION_COMMENTS = YES;
				CLANG_WARN_EMPTY_BODY = YES;
				CLANG_WARN_ENUM_CONVERSION = YES;
				CLANG_WARN_INFINITE_RECURSION = YES;
				CLANG_WARN_INT_CONVERSION = YES;
				CLANG_WARN_NON_LITERAL_NULL_CONVERSION = YES;
				CLANG_WARN_OBJC_IMPLICIT_RETAIN_SELF = YES;
				CLANG_WARN_OBJC_LITERAL_CONVERSION = YES;
				CLANG_WARN_OBJC_ROOT_CLASS = YES_ERROR;
				CLANG_WARN_QUOTED_INCLUDE_IN_FRAMEWORK_HEADER = YES;
				CLANG_WARN_RANGE_LOOP_ANALYSIS = YES;
				CLANG_WARN_STRICT_PROTOTYPES = YES;
				CLANG_WARN_SUSPICIOUS_MOVE = YES;
				CLANG_WARN_UNGUARDED_AVAILABILITY = YES_AGGRESSIVE;
				CLANG_WARN_UNREACHABLE_CODE = YES;
				CLANG_WARN__DUPLICATE_METHOD_MATCH = YES;
				COPY_PHASE_STRIP = NO;
				DEBUG_INFORMATION_FORMAT = dwarf;
				ENABLE_STRICT_OBJC_MSGSEND = YES;
				ENABLE_TESTABILITY = YES;
				ENABLE_USER_SCRIPT_SANDBOXING = YES;
				GCC_C_LANGUAGE_STANDARD = gnu17;
				GCC_DYNAMIC_NO_PIC = NO;
				GCC_NO_COMMON_BLOCKS = YES;
				GCC_OPTIMIZATION_LEVEL = 0;
				GCC_PREPROCESSOR_DEFINITIONS = (
					"DEBUG=1",
					"$(inherited)",
				);
				GCC_WARN_64_TO_32_BIT_CONVERSION = YES;
				GCC_WARN_ABOUT_RETURN_TYPE = YES_ERROR;
				GCC_WARN_UNDECLARED_SELECTOR = YES;
				GCC_WARN_UNINITIALIZED_AUTOS = YES_AGGRESSIVE;
				GCC_WARN_UNUSED_FUNCTION = YES;
				GCC_WARN_UNUSED_VARIABLE = YES;
				IPHONEOS_DEPLOYMENT_TARGET = 17.5;
				LOCALIZATION_PREFERS_STRING_CATALOGS = YES;
				MTL_ENABLE_DEBUG_INFO = INCLUDE_SOURCE;
				MTL_FAST_MATH = YES;
				ONLY_ACTIVE_ARCH = YES;
				SDKROOT = iphoneos;
				SWIFT_ACTIVE_COMPILATION_CONDITIONS = "DEBUG $(inherited)";
				SWIFT_OPTIMIZATION_LEVEL = "-Onone";
			};
			name = Debug;
		};
		4B38B0F72C3E4107002EB825 /* Release */ = {
			isa = XCBuildConfiguration;
			buildSettings = {
				ALWAYS_SEARCH_USER_PATHS = NO;
				ASSETCATALOG_COMPILER_GENERATE_SWIFT_ASSET_SYMBOL_EXTENSIONS = YES;
				CLANG_ANALYZER_NONNULL = YES;
				CLANG_ANALYZER_NUMBER_OBJECT_CONVERSION = YES_AGGRESSIVE;
				CLANG_CXX_LANGUAGE_STANDARD = "gnu++20";
				CLANG_ENABLE_MODULES = YES;
				CLANG_ENABLE_OBJC_ARC = YES;
				CLANG_ENABLE_OBJC_WEAK = YES;
				CLANG_WARN_BLOCK_CAPTURE_AUTORELEASING = YES;
				CLANG_WARN_BOOL_CONVERSION = YES;
				CLANG_WARN_COMMA = YES;
				CLANG_WARN_CONSTANT_CONVERSION = YES;
				CLANG_WARN_DEPRECATED_OBJC_IMPLEMENTATIONS = YES;
				CLANG_WARN_DIRECT_OBJC_ISA_USAGE = YES_ERROR;
				CLANG_WARN_DOCUMENTATION_COMMENTS = YES;
				CLANG_WARN_EMPTY_BODY = YES;
				CLANG_WARN_ENUM_CONVERSION = YES;
				CLANG_WARN_INFINITE_RECURSION = YES;
				CLANG_WARN_INT_CONVERSION = YES;
				CLANG_WARN_NON_LITERAL_NULL_CONVERSION = YES;
				CLANG_WARN_OBJC_IMPLICIT_RETAIN_SELF = YES;
				CLANG_WARN_OBJC_LITERAL_CONVERSION = YES;
				CLANG_WARN_OBJC_ROOT_CLASS = YES_ERROR;
				CLANG_WARN_QUOTED_INCLUDE_IN_FRAMEWORK_HEADER = YES;
				CLANG_WARN_RANGE_LOOP_ANALYSIS = YES;
				CLANG_WARN_STRICT_PROTOTYPES = YES;
				CLANG_WARN_SUSPICIOUS_MOVE = YES;
				CLANG_WARN_UNGUARDED_AVAILABILITY = YES_AGGRESSIVE;
				CLANG_WARN_UNREACHABLE_CODE = YES;
				CLANG_WARN__DUPLICATE_METHOD_MATCH = YES;
				COPY_PHASE_STRIP = NO;
				DEBUG_INFORMATION_FORMAT = "dwarf-with-dsym";
				ENABLE_NS_ASSERTIONS = NO;
				ENABLE_STRICT_OBJC_MSGSEND = YES;
				ENABLE_USER_SCRIPT_SANDBOXING = YES;
				GCC_C_LANGUAGE_STANDARD = gnu17;
				GCC_NO_COMMON_BLOCKS = YES;
				GCC_WARN_64_TO_32_BIT_CONVERSION = YES;
				GCC_WARN_ABOUT_RETURN_TYPE = YES_ERROR;
				GCC_WARN_UNDECLARED_SELECTOR = YES;
				GCC_WARN_UNINITIALIZED_AUTOS = YES_AGGRESSIVE;
				GCC_WARN_UNUSED_FUNCTION = YES;
				GCC_WARN_UNUSED_VARIABLE = YES;
				IPHONEOS_DEPLOYMENT_TARGET = 17.5;
				LOCALIZATION_PREFERS_STRING_CATALOGS = YES;
				MTL_ENABLE_DEBUG_INFO = NO;
				MTL_FAST_MATH = YES;
				SDKROOT = iphoneos;
				SWIFT_COMPILATION_MODE = wholemodule;
				VALIDATE_PRODUCT = YES;
			};
			name = Release;
		};
		4B38B0F92C3E4107002EB825 /* Debug */ = {
			isa = XCBuildConfiguration;
			buildSettings = {
				ASSETCATALOG_COMPILER_APPICON_NAME = AppIcon;
				ASSETCATALOG_COMPILER_GLOBAL_ACCENT_COLOR_NAME = AccentColor;
				CODE_SIGN_STYLE = Automatic;
				CURRENT_PROJECT_VERSION = 1;
				DEVELOPMENT_ASSET_PATHS = "\"Albertos/Preview Content\"";
				DEVELOPMENT_TEAM = 39626F6B8U;
				ENABLE_PREVIEWS = YES;
				GENERATE_INFOPLIST_FILE = YES;
				INFOPLIST_KEY_UIApplicationSceneManifest_Generation = YES;
				INFOPLIST_KEY_UIApplicationSupportsIndirectInputEvents = YES;
				INFOPLIST_KEY_UILaunchScreen_Generation = YES;
				INFOPLIST_KEY_UISupportedInterfaceOrientations_iPad = "UIInterfaceOrientationPortrait UIInterfaceOrientationPortraitUpsideDown UIInterfaceOrientationLandscapeLeft UIInterfaceOrientationLandscapeRight";
				INFOPLIST_KEY_UISupportedInterfaceOrientations_iPhone = "UIInterfaceOrientationPortrait UIInterfaceOrientationLandscapeLeft UIInterfaceOrientationLandscapeRight";
				LD_RUNPATH_SEARCH_PATHS = (
					"$(inherited)",
					"@executable_path/Frameworks",
				);
				MARKETING_VERSION = 1.0;
				PRODUCT_BUNDLE_IDENTIFIER = com.jaesuneo.Albertos;
				PRODUCT_NAME = "$(TARGET_NAME)";
				SWIFT_EMIT_LOC_STRINGS = YES;
				SWIFT_VERSION = 5.0;
				TARGETED_DEVICE_FAMILY = "1,2";
			};
			name = Debug;
		};
		4B38B0FA2C3E4107002EB825 /* Release */ = {
			isa = XCBuildConfiguration;
			buildSettings = {
				ASSETCATALOG_COMPILER_APPICON_NAME = AppIcon;
				ASSETCATALOG_COMPILER_GLOBAL_ACCENT_COLOR_NAME = AccentColor;
				CODE_SIGN_STYLE = Automatic;
				CURRENT_PROJECT_VERSION = 1;
				DEVELOPMENT_ASSET_PATHS = "\"Albertos/Preview Content\"";
				DEVELOPMENT_TEAM = 39626F6B8U;
				ENABLE_PREVIEWS = YES;
				GENERATE_INFOPLIST_FILE = YES;
				INFOPLIST_KEY_UIApplicationSceneManifest_Generation = YES;
				INFOPLIST_KEY_UIApplicationSupportsIndirectInputEvents = YES;
				INFOPLIST_KEY_UILaunchScreen_Generation = YES;
				INFOPLIST_KEY_UISupportedInterfaceOrientations_iPad = "UIInterfaceOrientationPortrait UIInterfaceOrientationPortraitUpsideDown UIInterfaceOrientationLandscapeLeft UIInterfaceOrientationLandscapeRight";
				INFOPLIST_KEY_UISupportedInterfaceOrientations_iPhone = "UIInterfaceOrientationPortrait UIInterfaceOrientationLandscapeLeft UIInterfaceOrientationLandscapeRight";
				LD_RUNPATH_SEARCH_PATHS = (
					"$(inherited)",
					"@executable_path/Frameworks",
				);
				MARKETING_VERSION = 1.0;
				PRODUCT_BUNDLE_IDENTIFIER = com.jaesuneo.Albertos;
				PRODUCT_NAME = "$(TARGET_NAME)";
				SWIFT_EMIT_LOC_STRINGS = YES;
				SWIFT_VERSION = 5.0;
				TARGETED_DEVICE_FAMILY = "1,2";
			};
			name = Release;
		};
		4B38B0FC2C3E4107002EB825 /* Debug */ = {
			isa = XCBuildConfiguration;
			buildSettings = {
				ALWAYS_EMBED_SWIFT_STANDARD_LIBRARIES = YES;
				BUNDLE_LOADER = "$(TEST_HOST)";
				CODE_SIGN_STYLE = Automatic;
				CURRENT_PROJECT_VERSION = 1;
				DEVELOPMENT_TEAM = "";
				GENERATE_INFOPLIST_FILE = YES;
				IPHONEOS_DEPLOYMENT_TARGET = 17.5;
				MARKETING_VERSION = 1.0;
				PRODUCT_BUNDLE_IDENTIFIER = com.jaesuneo.AlbertosTests;
				PRODUCT_NAME = "$(TARGET_NAME)";
				SWIFT_EMIT_LOC_STRINGS = NO;
				SWIFT_VERSION = 5.0;
				TARGETED_DEVICE_FAMILY = "1,2";
				TEST_HOST = "$(BUILT_PRODUCTS_DIR)/Albertos.app/$(BUNDLE_EXECUTABLE_FOLDER_PATH)/Albertos";
			};
			name = Debug;
		};
		4B38B0FD2C3E4107002EB825 /* Release */ = {
			isa = XCBuildConfiguration;
			buildSettings = {
				ALWAYS_EMBED_SWIFT_STANDARD_LIBRARIES = YES;
				BUNDLE_LOADER = "$(TEST_HOST)";
				CODE_SIGN_STYLE = Automatic;
				CURRENT_PROJECT_VERSION = 1;
				DEVELOPMENT_TEAM = "";
				GENERATE_INFOPLIST_FILE = YES;
				IPHONEOS_DEPLOYMENT_TARGET = 17.5;
				MARKETING_VERSION = 1.0;
				PRODUCT_BUNDLE_IDENTIFIER = com.jaesuneo.AlbertosTests;
				PRODUCT_NAME = "$(TARGET_NAME)";
				SWIFT_EMIT_LOC_STRINGS = NO;
				SWIFT_VERSION = 5.0;
				TARGETED_DEVICE_FAMILY = "1,2";
				TEST_HOST = "$(BUILT_PRODUCTS_DIR)/Albertos.app/$(BUNDLE_EXECUTABLE_FOLDER_PATH)/Albertos";
			};
			name = Release;
		};
		4B38B0FF2C3E4107002EB825 /* Debug */ = {
			isa = XCBuildConfiguration;
			buildSettings = {
				ALWAYS_EMBED_SWIFT_STANDARD_LIBRARIES = YES;
				CODE_SIGN_STYLE = Automatic;
				CURRENT_PROJECT_VERSION = 1;
				GENERATE_INFOPLIST_FILE = YES;
				MARKETING_VERSION = 1.0;
				PRODUCT_BUNDLE_IDENTIFIER = com.jaesuneo.AlbertosUITests;
				PRODUCT_NAME = "$(TARGET_NAME)";
				SWIFT_EMIT_LOC_STRINGS = NO;
				SWIFT_VERSION = 5.0;
				TARGETED_DEVICE_FAMILY = "1,2";
				TEST_TARGET_NAME = Albertos;
			};
			name = Debug;
		};
		4B38B1002C3E4107002EB825 /* Release */ = {
			isa = XCBuildConfiguration;
			buildSettings = {
				ALWAYS_EMBED_SWIFT_STANDARD_LIBRARIES = YES;
				CODE_SIGN_STYLE = Automatic;
				CURRENT_PROJECT_VERSION = 1;
				GENERATE_INFOPLIST_FILE = YES;
				MARKETING_VERSION = 1.0;
				PRODUCT_BUNDLE_IDENTIFIER = com.jaesuneo.AlbertosUITests;
				PRODUCT_NAME = "$(TARGET_NAME)";
				SWIFT_EMIT_LOC_STRINGS = NO;
				SWIFT_VERSION = 5.0;
				TARGETED_DEVICE_FAMILY = "1,2";
				TEST_TARGET_NAME = Albertos;
			};
			name = Release;
		};
/* End XCBuildConfiguration section */

/* Begin XCConfigurationList section */
		4B38B0CF2C3E4105002EB825 /* Build configuration list for PBXProject "Albertos" */ = {
			isa = XCConfigurationList;
			buildConfigurations = (
				4B38B0F62C3E4107002EB825 /* Debug */,
				4B38B0F72C3E4107002EB825 /* Release */,
			);
			defaultConfigurationIsVisible = 0;
			defaultConfigurationName = Release;
		};
		4B38B0F82C3E4107002EB825 /* Build configuration list for PBXNativeTarget "Albertos" */ = {
			isa = XCConfigurationList;
			buildConfigurations = (
				4B38B0F92C3E4107002EB825 /* Debug */,
				4B38B0FA2C3E4107002EB825 /* Release */,
			);
			defaultConfigurationIsVisible = 0;
			defaultConfigurationName = Release;
		};
		4B38B0FB2C3E4107002EB825 /* Build configuration list for PBXNativeTarget "AlbertosTests" */ = {
			isa = XCConfigurationList;
			buildConfigurations = (
				4B38B0FC2C3E4107002EB825 /* Debug */,
				4B38B0FD2C3E4107002EB825 /* Release */,
			);
			defaultConfigurationIsVisible = 0;
			defaultConfigurationName = Release;
		};
		4B38B0FE2C3E4107002EB825 /* Build configuration list for PBXNativeTarget "AlbertosUITests" */ = {
			isa = XCConfigurationList;
			buildConfigurations = (
				4B38B0FF2C3E4107002EB825 /* Debug */,
				4B38B1002C3E4107002EB825 /* Release */,
			);
			defaultConfigurationIsVisible = 0;
			defaultConfigurationName = Release;
		};
/* End XCConfigurationList section */
	};
	rootObject = 4B38B0CC2C3E4105002EB825 /* Project object */;
}
